
Microsoft Visual Studio Solution File, Format Version 12.00
# Visual Studio Version 16
VisualStudioVersion = 16.0.31613.86
MinimumVisualStudioVersion = 10.0.40219.1
Project("{FAE04EC0-301F-11D3-BF4B-00C04F79EFBC}") = "SilverbackIntegrationTest", "SilverbackIntegrationTest\SilverbackIntegrationTest.csproj", "{75C02EA1-C117-4EB3-B427-0424278DF3D2}"
EndProject
Project("{FAE04EC0-301F-11D3-BF4B-00C04F79EFBC}") = "Test", "Test\Test.csproj", "{ACB5A83F-3389-46A0-9EE9-57F4D03A60DB}"
	ProjectSection(ProjectDependencies) = postProject
		{75C02EA1-C117-4EB3-B427-0424278DF3D2} = {75C02EA1-C117-4EB3-B427-0424278DF3D2}
	EndProjectSection
EndProject
Global
	GlobalSection(SolutionConfigurationPlatforms) = preSolution
		Debug|Any CPU = Debug|Any CPU
		Release|Any CPU = Release|Any CPU
	EndGlobalSection
	GlobalSection(ProjectConfigurationPlatforms) = postSolution
		{75C02EA1-C117-4EB3-B427-0424278DF3D2}.Debug|Any CPU.ActiveCfg = Debug|Any CPU
		{75C02EA1-C117-4EB3-B427-0424278DF3D2}.Debug|Any CPU.Build.0 = Debug|Any CPU
		{75C02EA1-C117-4EB3-B427-0424278DF3D2}.Release|Any CPU.ActiveCfg = Release|Any CPU
		{75C02EA1-C117-4EB3-B427-0424278DF3D2}.Release|Any CPU.Build.0 = Release|Any CPU
		{ACB5A83F-3389-46A0-9EE9-57F4D03A60DB}.Debug|Any CPU.ActiveCfg = Debug|Any CPU
		{ACB5A83F-3389-46A0-9EE9-57F4D03A60DB}.Debug|Any CPU.Build.0 = Debug|Any CPU
		{ACB5A83F-3389-46A0-9EE9-57F4D03A60DB}.Release|Any CPU.ActiveCfg = Release|Any CPU
		{ACB5A83F-3389-46A0-9EE9-57F4D03A60DB}.Release|Any CPU.Build.0 = Release|Any CPU
	EndGlobalSection
	GlobalSection(SolutionProperties) = preSolution
		HideSolutionNode = FALSE
	EndGlobalSection
	GlobalSection(ExtensibilityGlobals) = postSolution
		SolutionGuid = {787A2965-C104-4EF6-B76A-40269E8CD03A}
	EndGlobalSection
EndGlobal
